
Microsoft Visual Studio Solution File, Format Version 12.00
# Visual Studio Version 17
VisualStudioVersion = 17.8.34511.84
MinimumVisualStudioVersion = 10.0.40219.1
Project("{9A19103F-16F7-4668-BE54-9A1E7A4F7556}") = "Api", "Api\Api.csproj", "{CA998EEF-CD03-45CF-A58C-12516813FB48}"
EndProject
Project("{FAE04EC0-301F-11D3-BF4B-00C04F79EFBC}") = "Specs", "Specs\Specs.csproj", "{26F5128F-22D2-4AC7-97E4-AD719FE6806F}"
EndProject
Global
	GlobalSection(SolutionConfigurationPlatforms) = preSolution
		Debug|Any CPU = Debug|Any CPU
		Release|Any CPU = Release|Any CPU
	EndGlobalSection
	GlobalSection(ProjectConfigurationPlatforms) = postSolution
		{CA998EEF-CD03-45CF-A58C-12516813FB48}.Debug|Any CPU.ActiveCfg = Debug|Any CPU
		{CA998EEF-CD03-45CF-A58C-12516813FB48}.Debug|Any CPU.Build.0 = Debug|Any CPU
		{CA998EEF-CD03-45CF-A58C-12516813FB48}.Release|Any CPU.ActiveCfg = Release|Any CPU
		{CA998EEF-CD03-45CF-A58C-12516813FB48}.Release|Any CPU.Build.0 = Release|Any CPU
		{26F5128F-22D2-4AC7-97E4-AD719FE6806F}.Debug|Any CPU.ActiveCfg = Debug|Any CPU
		{26F5128F-22D2-4AC7-97E4-AD719FE6806F}.Debug|Any CPU.Build.0 = Debug|Any CPU
		{26F5128F-22D2-4AC7-97E4-AD719FE6806F}.Release|Any CPU.ActiveCfg = Release|Any CPU
		{26F5128F-22D2-4AC7-97E4-AD719FE6806F}.Release|Any CPU.Build.0 = Release|Any CPU
	EndGlobalSection
	GlobalSection(SolutionProperties) = preSolution
		HideSolutionNode = FALSE
	EndGlobalSection
	GlobalSection(ExtensibilityGlobals) = postSolution
		SolutionGuid = {7223B077-43AD-47DD-B523-1F677C31B4C5}
	EndGlobalSection
EndGlobal
